
Microsoft Visual Studio Solution File, Format Version 12.00
# Visual Studio Version 17
VisualStudioVersion = 17.4.33122.133
MinimumVisualStudioVersion = 10.0.40219.1
Project("{FAE04EC0-301F-11D3-BF4B-00C04F79EFBC}") = "WebApplication2", "WebApplication2.csproj", "{20FE7020-8CEE-445A-8761-5425C191DF27}"
EndProject
Global
	GlobalSection(SolutionConfigurationPlatforms) = preSolution
		Debug|Any CPU = Debug|Any CPU
		Release|Any CPU = Release|Any CPU
	EndGlobalSection
	GlobalSection(ProjectConfigurationPlatforms) = postSolution
		{20FE7020-8CEE-445A-8761-5425C191DF27}.Debug|Any CPU.ActiveCfg = Debug|Any CPU
		{20FE7020-8CEE-445A-8761-5425C191DF27}.Debug|Any CPU.Build.0 = Debug|Any CPU
		{20FE7020-8CEE-445A-8761-5425C191DF27}.Release|Any CPU.ActiveCfg = Release|Any CPU
		{20FE7020-8CEE-445A-8761-5425C191DF27}.Release|Any CPU.Build.0 = Release|Any CPU
	EndGlobalSection
	GlobalSection(SolutionProperties) = preSolution
		HideSolutionNode = FALSE
	EndGlobalSection
	GlobalSection(ExtensibilityGlobals) = postSolution
		SolutionGuid = {5677B515-3299-4939-A0C8-9B6F2AF396DA}
	EndGlobalSection
EndGlobal
